// !$*UTF8*$!
{
	archiveVersion = 1;
	classes = {
	};
	objectVersion = 46;
	objects = {

/* Begin PBXBuildFile section */
		402E0FAF164B83C2004D3D9C /* Foundation.framework in Frameworks */ = {isa = PBXBuildFile; fileRef = 402E0FAE164B83C2004D3D9C /* Foundation.framework */; };
		402E0FBE164B83C2004D3D9C /* SenTestingKit.framework in Frameworks */ = {isa = PBXBuildFile; fileRef = 402E0FBD164B83C2004D3D9C /* SenTestingKit.framework */; };
		402E0FC0164B83C2004D3D9C /* UIKit.framework in Frameworks */ = {isa = PBXBuildFile; fileRef = 402E0FBF164B83C2004D3D9C /* UIKit.framework */; };
		402E0FC1164B83C2004D3D9C /* Foundation.framework in Frameworks */ = {isa = PBXBuildFile; fileRef = 402E0FAE164B83C2004D3D9C /* Foundation.framework */; };
		402E0FCA164B83C2004D3D9C /* InfoPlist.strings in Resources */ = {isa = PBXBuildFile; fileRef = 402E0FC8164B83C2004D3D9C /* InfoPlist.strings */; };
		402E0FCD164B83C2004D3D9C /* BaseTest.m in Sources */ = {isa = PBXBuildFile; fileRef = 402E0FCC164B83C2004D3D9C /* BaseTest.m */; };
		402E0FD8164B8492004D3D9C /* TestModel.xcdatamodeld in Sources */ = {isa = PBXBuildFile; fileRef = 402E0FD6164B8492004D3D9C /* TestModel.xcdatamodeld */; };
		40384E9D16803E290098575A /* User.m in Sources */ = {isa = PBXBuildFile; fileRef = 40384E9C16803E290098575A /* User.m */; };
		40384EA016803E290098575A /* Product.m in Sources */ = {isa = PBXBuildFile; fileRef = 40384E9F16803E290098575A /* Product.m */; };
		4045EDA8166AC5B600FCEBDB /* countTests.m in Sources */ = {isa = PBXBuildFile; fileRef = 4045EDA7166AC5B600FCEBDB /* countTests.m */; };
		4045EDAC166B138500FCEBDB /* anyTests.m in Sources */ = {isa = PBXBuildFile; fileRef = 4045EDAB166B138500FCEBDB /* anyTests.m */; };
		4045EDAF166B18C400FCEBDB /* fastEnumerationTests.m in Sources */ = {isa = PBXBuildFile; fileRef = 4045EDAE166B18C400FCEBDB /* fastEnumerationTests.m */; };
		4045EDB2166C273400FCEBDB /* singleTests.m in Sources */ = {isa = PBXBuildFile; fileRef = 4045EDB1166C273400FCEBDB /* singleTests.m */; };
		4045EDBC16705FE500FCEBDB /* allTests.m in Sources */ = {isa = PBXBuildFile; fileRef = 4045EDBB16705FE500FCEBDB /* allTests.m */; };
		40710E06164CA30E00C0D1E9 /* CoreData.framework in Frameworks */ = {isa = PBXBuildFile; fileRef = 40710E05164CA30E00C0D1E9 /* CoreData.framework */; };
		40710E07164CA31F00C0D1E9 /* CoreData.framework in Frameworks */ = {isa = PBXBuildFile; fileRef = 40710E05164CA30E00C0D1E9 /* CoreData.framework */; };
		40710E0A164CA9EF00C0D1E9 /* ofTypeTests.m in Sources */ = {isa = PBXBuildFile; fileRef = 40710E09164CA9EF00C0D1E9 /* ofTypeTests.m */; };
		40710E20164CB75D00C0D1E9 /* NSManagedObjectContext+Queryable.m in Sources */ = {isa = PBXBuildFile; fileRef = 40710E1F164CB75D00C0D1E9 /* NSManagedObjectContext+Queryable.m */; };
		40710E21164CB77900C0D1E9 /* libios-queryable.a in Frameworks */ = {isa = PBXBuildFile; fileRef = 402E0FAB164B83C2004D3D9C /* libios-queryable.a */; };
		40710E24164CD03300C0D1E9 /* orderByTests.m in Sources */ = {isa = PBXBuildFile; fileRef = 40710E23164CD03300C0D1E9 /* orderByTests.m */; };
		40710E2D164DF60300C0D1E9 /* skipTests.m in Sources */ = {isa = PBXBuildFile; fileRef = 40710E2C164DF60300C0D1E9 /* skipTests.m */; };
		40710E30164DF8E800C0D1E9 /* takeTests.m in Sources */ = {isa = PBXBuildFile; fileRef = 40710E2F164DF8E700C0D1E9 /* takeTests.m */; };
		40710E33164E2A9C00C0D1E9 /* firstTests.m in Sources */ = {isa = PBXBuildFile; fileRef = 40710E32164E2A9C00C0D1E9 /* firstTests.m */; };
		40710E39164E2DE300C0D1E9 /* QueryCompositionTests.m in Sources */ = {isa = PBXBuildFile; fileRef = 40710E38164E2DE300C0D1E9 /* QueryCompositionTests.m */; };
		40710E3C165020E600C0D1E9 /* whereTests.m in Sources */ = {isa = PBXBuildFile; fileRef = 40710E3B165020E600C0D1E9 /* whereTests.m */; };
		62DD47732ECBB3E0B0DCB6AD /* sumTests.m in Sources */ = {isa = PBXBuildFile; fileRef = 62DD4B24AC7BAC8D4F8666A7 /* sumTests.m */; };
		62DD4D01A2BACE096CBA5E58 /* minMaxTests.m in Sources */ = {isa = PBXBuildFile; fileRef = 62DD4620B06463E743153E0B /* minMaxTests.m */; };
		62DD4DBE5314207A2F0A9DA3 /* averageTests.m in Sources */ = {isa = PBXBuildFile; fileRef = 62DD4F000D2F4335EBCB7FEC /* averageTests.m */; };
/* End PBXBuildFile section */

/* Begin PBXContainerItemProxy section */
		402E0FC2164B83C2004D3D9C /* PBXContainerItemProxy */ = {
			isa = PBXContainerItemProxy;
			containerPortal = 402E0FA2164B83C2004D3D9C /* Project object */;
			proxyType = 1;
			remoteGlobalIDString = 402E0FAA164B83C2004D3D9C;
			remoteInfo = "ios-queryable";
		};
/* End PBXContainerItemProxy section */

/* Begin PBXCopyFilesBuildPhase section */
		402E0FA9164B83C2004D3D9C /* CopyFiles */ = {
			isa = PBXCopyFilesBuildPhase;
			buildActionMask = 2147483647;
			dstPath = "include/${PRODUCT_NAME}";
			dstSubfolderSpec = 16;
			files = (
			);
			runOnlyForDeploymentPostprocessing = 0;
		};
/* End PBXCopyFilesBuildPhase section */

/* Begin PBXFileReference section */
		402E0FAB164B83C2004D3D9C /* libios-queryable.a */ = {isa = PBXFileReference; explicitFileType = archive.ar; includeInIndex = 0; path = "libios-queryable.a"; sourceTree = BUILT_PRODUCTS_DIR; };
		402E0FAE164B83C2004D3D9C /* Foundation.framework */ = {isa = PBXFileReference; lastKnownFileType = wrapper.framework; name = Foundation.framework; path = System/Library/Frameworks/Foundation.framework; sourceTree = SDKROOT; };
		402E0FB2164B83C2004D3D9C /* ios-queryable-Prefix.pch */ = {isa = PBXFileReference; lastKnownFileType = sourcecode.c.h; path = "ios-queryable-Prefix.pch"; sourceTree = "<group>"; };
		402E0FBC164B83C2004D3D9C /* ios-queryableTests.octest */ = {isa = PBXFileReference; explicitFileType = wrapper.cfbundle; includeInIndex = 0; path = "ios-queryableTests.octest"; sourceTree = BUILT_PRODUCTS_DIR; };
		402E0FBD164B83C2004D3D9C /* SenTestingKit.framework */ = {isa = PBXFileReference; lastKnownFileType = wrapper.framework; name = SenTestingKit.framework; path = Library/Frameworks/SenTestingKit.framework; sourceTree = DEVELOPER_DIR; };
		402E0FBF164B83C2004D3D9C /* UIKit.framework */ = {isa = PBXFileReference; lastKnownFileType = wrapper.framework; name = UIKit.framework; path = Library/Frameworks/UIKit.framework; sourceTree = DEVELOPER_DIR; };
		402E0FC7164B83C2004D3D9C /* ios-queryableTests-Info.plist */ = {isa = PBXFileReference; lastKnownFileType = text.plist.xml; path = "ios-queryableTests-Info.plist"; sourceTree = "<group>"; };
		402E0FC9164B83C2004D3D9C /* en */ = {isa = PBXFileReference; lastKnownFileType = text.plist.strings; name = en; path = en.lproj/InfoPlist.strings; sourceTree = "<group>"; };
		402E0FCB164B83C2004D3D9C /* BaseTest.h */ = {isa = PBXFileReference; lastKnownFileType = sourcecode.c.h; path = BaseTest.h; sourceTree = "<group>"; };
		402E0FCC164B83C2004D3D9C /* BaseTest.m */ = {isa = PBXFileReference; lastKnownFileType = sourcecode.c.objc; path = BaseTest.m; sourceTree = "<group>"; };
		402E0FD7164B8492004D3D9C /* TestModel.xcdatamodel */ = {isa = PBXFileReference; lastKnownFileType = wrapper.xcdatamodel; path = TestModel.xcdatamodel; sourceTree = "<group>"; };
		40384E9B16803E290098575A /* User.h */ = {isa = PBXFileReference; fileEncoding = 4; lastKnownFileType = sourcecode.c.h; path = User.h; sourceTree = "<group>"; };
		40384E9C16803E290098575A /* User.m */ = {isa = PBXFileReference; fileEncoding = 4; lastKnownFileType = sourcecode.c.objc; path = User.m; sourceTree = "<group>"; };
		40384E9E16803E290098575A /* Product.h */ = {isa = PBXFileReference; fileEncoding = 4; lastKnownFileType = sourcecode.c.h; path = Product.h; sourceTree = "<group>"; };
		40384E9F16803E290098575A /* Product.m */ = {isa = PBXFileReference; fileEncoding = 4; lastKnownFileType = sourcecode.c.objc; path = Product.m; sourceTree = "<group>"; };
		4045EDA6166AC5B600FCEBDB /* countTests.h */ = {isa = PBXFileReference; fileEncoding = 4; lastKnownFileType = sourcecode.c.h; path = countTests.h; sourceTree = "<group>"; };
		4045EDA7166AC5B600FCEBDB /* countTests.m */ = {isa = PBXFileReference; fileEncoding = 4; lastKnownFileType = sourcecode.c.objc; path = countTests.m; sourceTree = "<group>"; };
		4045EDAA166B138500FCEBDB /* anyTests.h */ = {isa = PBXFileReference; fileEncoding = 4; lastKnownFileType = sourcecode.c.h; path = anyTests.h; sourceTree = "<group>"; };
		4045EDAB166B138500FCEBDB /* anyTests.m */ = {isa = PBXFileReference; fileEncoding = 4; lastKnownFileType = sourcecode.c.objc; path = anyTests.m; sourceTree = "<group>"; };
		4045EDAD166B18C400FCEBDB /* fastEnumerationTests.h */ = {isa = PBXFileReference; fileEncoding = 4; lastKnownFileType = sourcecode.c.h; path = fastEnumerationTests.h; sourceTree = "<group>"; };
		4045EDAE166B18C400FCEBDB /* fastEnumerationTests.m */ = {isa = PBXFileReference; fileEncoding = 4; lastKnownFileType = sourcecode.c.objc; path = fastEnumerationTests.m; sourceTree = "<group>"; };
		4045EDB0166C273300FCEBDB /* singleTests.h */ = {isa = PBXFileReference; fileEncoding = 4; lastKnownFileType = sourcecode.c.h; path = singleTests.h; sourceTree = "<group>"; };
		4045EDB1166C273400FCEBDB /* singleTests.m */ = {isa = PBXFileReference; fileEncoding = 4; lastKnownFileType = sourcecode.c.objc; path = singleTests.m; sourceTree = "<group>"; };
		4045EDBA16705FE500FCEBDB /* allTests.h */ = {isa = PBXFileReference; fileEncoding = 4; lastKnownFileType = sourcecode.c.h; path = allTests.h; sourceTree = "<group>"; };
		4045EDBB16705FE500FCEBDB /* allTests.m */ = {isa = PBXFileReference; fileEncoding = 4; lastKnownFileType = sourcecode.c.objc; path = allTests.m; sourceTree = "<group>"; };
		40710E05164CA30E00C0D1E9 /* CoreData.framework */ = {isa = PBXFileReference; lastKnownFileType = wrapper.framework; name = CoreData.framework; path = System/Library/Frameworks/CoreData.framework; sourceTree = SDKROOT; };
		40710E08164CA9EF00C0D1E9 /* ofTypeTests.h */ = {isa = PBXFileReference; fileEncoding = 4; lastKnownFileType = sourcecode.c.h; path = ofTypeTests.h; sourceTree = "<group>"; };
		40710E09164CA9EF00C0D1E9 /* ofTypeTests.m */ = {isa = PBXFileReference; fileEncoding = 4; lastKnownFileType = sourcecode.c.objc; path = ofTypeTests.m; sourceTree = "<group>"; };
		40710E1E164CB75D00C0D1E9 /* NSManagedObjectContext+Queryable.h */ = {isa = PBXFileReference; fileEncoding = 4; lastKnownFileType = sourcecode.c.h; path = "NSManagedObjectContext+Queryable.h"; sourceTree = "<group>"; };
		40710E1F164CB75D00C0D1E9 /* NSManagedObjectContext+Queryable.m */ = {isa = PBXFileReference; fileEncoding = 4; lastKnownFileType = sourcecode.c.objc; path = "NSManagedObjectContext+Queryable.m"; sourceTree = "<group>"; };
		40710E22164CD03300C0D1E9 /* orderByTests.h */ = {isa = PBXFileReference; fileEncoding = 4; lastKnownFileType = sourcecode.c.h; path = orderByTests.h; sourceTree = "<group>"; };
		40710E23164CD03300C0D1E9 /* orderByTests.m */ = {isa = PBXFileReference; fileEncoding = 4; lastKnownFileType = sourcecode.c.objc; path = orderByTests.m; sourceTree = "<group>"; };
		40710E2B164DF60300C0D1E9 /* skipTests.h */ = {isa = PBXFileReference; fileEncoding = 4; lastKnownFileType = sourcecode.c.h; path = skipTests.h; sourceTree = "<group>"; };
		40710E2C164DF60300C0D1E9 /* skipTests.m */ = {isa = PBXFileReference; fileEncoding = 4; lastKnownFileType = sourcecode.c.objc; path = skipTests.m; sourceTree = "<group>"; };
		40710E2E164DF8E700C0D1E9 /* takeTests.h */ = {isa = PBXFileReference; fileEncoding = 4; lastKnownFileType = sourcecode.c.h; path = takeTests.h; sourceTree = "<group>"; };
		40710E2F164DF8E700C0D1E9 /* takeTests.m */ = {isa = PBXFileReference; fileEncoding = 4; lastKnownFileType = sourcecode.c.objc; path = takeTests.m; sourceTree = "<group>"; };
		40710E31164E2A9C00C0D1E9 /* firstTests.h */ = {isa = PBXFileReference; fileEncoding = 4; lastKnownFileType = sourcecode.c.h; path = firstTests.h; sourceTree = "<group>"; };
		40710E32164E2A9C00C0D1E9 /* firstTests.m */ = {isa = PBXFileReference; fileEncoding = 4; lastKnownFileType = sourcecode.c.objc; path = firstTests.m; sourceTree = "<group>"; };
		40710E37164E2DE300C0D1E9 /* QueryCompositionTests.h */ = {isa = PBXFileReference; fileEncoding = 4; lastKnownFileType = sourcecode.c.h; path = QueryCompositionTests.h; sourceTree = "<group>"; };
		40710E38164E2DE300C0D1E9 /* QueryCompositionTests.m */ = {isa = PBXFileReference; fileEncoding = 4; lastKnownFileType = sourcecode.c.objc; path = QueryCompositionTests.m; sourceTree = "<group>"; };
		40710E3A165020E600C0D1E9 /* whereTests.h */ = {isa = PBXFileReference; fileEncoding = 4; lastKnownFileType = sourcecode.c.h; path = whereTests.h; sourceTree = "<group>"; };
		40710E3B165020E600C0D1E9 /* whereTests.m */ = {isa = PBXFileReference; fileEncoding = 4; lastKnownFileType = sourcecode.c.objc; path = whereTests.m; sourceTree = "<group>"; };
		62DD4620B06463E743153E0B /* minMaxTests.m */ = {isa = PBXFileReference; fileEncoding = 4; lastKnownFileType = sourcecode.c.objc; path = minMaxTests.m; sourceTree = "<group>"; };
		62DD47F29CB429A8006FEE70 /* averageTests.h */ = {isa = PBXFileReference; fileEncoding = 4; lastKnownFileType = sourcecode.c.h; path = averageTests.h; sourceTree = "<group>"; };
		62DD481E538C11C6EDB68562 /* minMaxTests.h */ = {isa = PBXFileReference; fileEncoding = 4; lastKnownFileType = sourcecode.c.h; path = minMaxTests.h; sourceTree = "<group>"; };
		62DD494867E79633931E7631 /* sumTests.h */ = {isa = PBXFileReference; fileEncoding = 4; lastKnownFileType = sourcecode.c.h; path = sumTests.h; sourceTree = "<group>"; };
		62DD4B24AC7BAC8D4F8666A7 /* sumTests.m */ = {isa = PBXFileReference; fileEncoding = 4; lastKnownFileType = sourcecode.c.objc; path = sumTests.m; sourceTree = "<group>"; };
		62DD4F000D2F4335EBCB7FEC /* averageTests.m */ = {isa = PBXFileReference; fileEncoding = 4; lastKnownFileType = sourcecode.c.objc; path = averageTests.m; sourceTree = "<group>"; };
/* End PBXFileReference section */

/* Begin PBXFrameworksBuildPhase section */
		402E0FA8164B83C2004D3D9C /* Frameworks */ = {
			isa = PBXFrameworksBuildPhase;
			buildActionMask = 2147483647;
			files = (
				40710E06164CA30E00C0D1E9 /* CoreData.framework in Frameworks */,
				402E0FAF164B83C2004D3D9C /* Foundation.framework in Frameworks */,
			);
			runOnlyForDeploymentPostprocessing = 0;
		};
		402E0FB8164B83C2004D3D9C /* Frameworks */ = {
			isa = PBXFrameworksBuildPhase;
			buildActionMask = 2147483647;
			files = (
				40710E21164CB77900C0D1E9 /* libios-queryable.a in Frameworks */,
				40710E07164CA31F00C0D1E9 /* CoreData.framework in Frameworks */,
				402E0FBE164B83C2004D3D9C /* SenTestingKit.framework in Frameworks */,
				402E0FC0164B83C2004D3D9C /* UIKit.framework in Frameworks */,
				402E0FC1164B83C2004D3D9C /* Foundation.framework in Frameworks */,
			);
			runOnlyForDeploymentPostprocessing = 0;
		};
/* End PBXFrameworksBuildPhase section */

/* Begin PBXGroup section */
		402E0FA0164B83C2004D3D9C = {
			isa = PBXGroup;
			children = (
				40710E05164CA30E00C0D1E9 /* CoreData.framework */,
				402E0FB0164B83C2004D3D9C /* ios-queryable */,
				402E0FC5164B83C2004D3D9C /* ios-queryableTests */,
				402E0FAD164B83C2004D3D9C /* Frameworks */,
				402E0FAC164B83C2004D3D9C /* Products */,
			);
			sourceTree = "<group>";
		};
		402E0FAC164B83C2004D3D9C /* Products */ = {
			isa = PBXGroup;
			children = (
				402E0FAB164B83C2004D3D9C /* libios-queryable.a */,
				402E0FBC164B83C2004D3D9C /* ios-queryableTests.octest */,
			);
			name = Products;
			sourceTree = "<group>";
		};
		402E0FAD164B83C2004D3D9C /* Frameworks */ = {
			isa = PBXGroup;
			children = (
				402E0FAE164B83C2004D3D9C /* Foundation.framework */,
				402E0FBD164B83C2004D3D9C /* SenTestingKit.framework */,
				402E0FBF164B83C2004D3D9C /* UIKit.framework */,
			);
			name = Frameworks;
			sourceTree = "<group>";
		};
		402E0FB0164B83C2004D3D9C /* ios-queryable */ = {
			isa = PBXGroup;
			children = (
				40710E1E164CB75D00C0D1E9 /* NSManagedObjectContext+Queryable.h */,
				40710E1F164CB75D00C0D1E9 /* NSManagedObjectContext+Queryable.m */,
				402E0FB1164B83C2004D3D9C /* Supporting Files */,
			);
			path = "ios-queryable";
			sourceTree = "<group>";
		};
		402E0FB1164B83C2004D3D9C /* Supporting Files */ = {
			isa = PBXGroup;
			children = (
				402E0FB2164B83C2004D3D9C /* ios-queryable-Prefix.pch */,
			);
			name = "Supporting Files";
			sourceTree = "<group>";
		};
		402E0FC5164B83C2004D3D9C /* ios-queryableTests */ = {
			isa = PBXGroup;
			children = (
				40710E31164E2A9C00C0D1E9 /* firstTests.h */,
				40710E32164E2A9C00C0D1E9 /* firstTests.m */,
				402E0FCB164B83C2004D3D9C /* BaseTest.h */,
				402E0FCC164B83C2004D3D9C /* BaseTest.m */,
				402E0FC6164B83C2004D3D9C /* Supporting Files */,
				402E0FD6164B8492004D3D9C /* TestModel.xcdatamodeld */,
				402E0FDC164B84F0004D3D9C /* Model */,
				40710E08164CA9EF00C0D1E9 /* ofTypeTests.h */,
				40710E09164CA9EF00C0D1E9 /* ofTypeTests.m */,
				40710E22164CD03300C0D1E9 /* orderByTests.h */,
				40710E23164CD03300C0D1E9 /* orderByTests.m */,
				40710E2B164DF60300C0D1E9 /* skipTests.h */,
				40710E2C164DF60300C0D1E9 /* skipTests.m */,
				40710E2E164DF8E700C0D1E9 /* takeTests.h */,
				40710E2F164DF8E700C0D1E9 /* takeTests.m */,
				40710E37164E2DE300C0D1E9 /* QueryCompositionTests.h */,
				40710E38164E2DE300C0D1E9 /* QueryCompositionTests.m */,
				40710E3A165020E600C0D1E9 /* whereTests.h */,
				40710E3B165020E600C0D1E9 /* whereTests.m */,
				4045EDA6166AC5B600FCEBDB /* countTests.h */,
				4045EDA7166AC5B600FCEBDB /* countTests.m */,
				4045EDAA166B138500FCEBDB /* anyTests.h */,
				4045EDAB166B138500FCEBDB /* anyTests.m */,
				4045EDAD166B18C400FCEBDB /* fastEnumerationTests.h */,
				4045EDAE166B18C400FCEBDB /* fastEnumerationTests.m */,
				4045EDB0166C273300FCEBDB /* singleTests.h */,
				4045EDB1166C273400FCEBDB /* singleTests.m */,
				4045EDBA16705FE500FCEBDB /* allTests.h */,
				4045EDBB16705FE500FCEBDB /* allTests.m */,
				62DD47F29CB429A8006FEE70 /* averageTests.h */,
				62DD4F000D2F4335EBCB7FEC /* averageTests.m */,
				62DD4B24AC7BAC8D4F8666A7 /* sumTests.m */,
				62DD494867E79633931E7631 /* sumTests.h */,
				62DD481E538C11C6EDB68562 /* minMaxTests.h */,
				62DD4620B06463E743153E0B /* minMaxTests.m */,
			);
			path = "ios-queryableTests";
			sourceTree = "<group>";
		};
		402E0FC6164B83C2004D3D9C /* Supporting Files */ = {
			isa = PBXGroup;
			children = (
				402E0FC7164B83C2004D3D9C /* ios-queryableTests-Info.plist */,
				402E0FC8164B83C2004D3D9C /* InfoPlist.strings */,
			);
			name = "Supporting Files";
			sourceTree = "<group>";
		};
		402E0FDC164B84F0004D3D9C /* Model */ = {
			isa = PBXGroup;
			children = (
				40384E9E16803E290098575A /* Product.h */,
				40384E9F16803E290098575A /* Product.m */,
				40384E9B16803E290098575A /* User.h */,
				40384E9C16803E290098575A /* User.m */,
			);
			name = Model;
			sourceTree = "<group>";
		};
/* End PBXGroup section */

/* Begin PBXNativeTarget section */
		402E0FAA164B83C2004D3D9C /* ios-queryable */ = {
			isa = PBXNativeTarget;
			buildConfigurationList = 402E0FD0164B83C2004D3D9C /* Build configuration list for PBXNativeTarget "ios-queryable" */;
			buildPhases = (
				402E0FA7164B83C2004D3D9C /* Sources */,
				402E0FA8164B83C2004D3D9C /* Frameworks */,
				402E0FA9164B83C2004D3D9C /* CopyFiles */,
			);
			buildRules = (
			);
			dependencies = (
			);
			name = "ios-queryable";
			productName = "ios-queryable";
			productReference = 402E0FAB164B83C2004D3D9C /* libios-queryable.a */;
			productType = "com.apple.product-type.library.static";
		};
		402E0FBB164B83C2004D3D9C /* ios-queryableTests */ = {
			isa = PBXNativeTarget;
			buildConfigurationList = 402E0FD3164B83C2004D3D9C /* Build configuration list for PBXNativeTarget "ios-queryableTests" */;
			buildPhases = (
				402E0FB7164B83C2004D3D9C /* Sources */,
				402E0FB8164B83C2004D3D9C /* Frameworks */,
				402E0FB9164B83C2004D3D9C /* Resources */,
				402E0FBA164B83C2004D3D9C /* ShellScript */,
			);
			buildRules = (
			);
			dependencies = (
				402E0FC3164B83C2004D3D9C /* PBXTargetDependency */,
			);
			name = "ios-queryableTests";
			productName = "ios-queryableTests";
			productReference = 402E0FBC164B83C2004D3D9C /* ios-queryableTests.octest */;
			productType = "com.apple.product-type.bundle";
		};
/* End PBXNativeTarget section */

/* Begin PBXProject section */
		402E0FA2164B83C2004D3D9C /* Project object */ = {
			isa = PBXProject;
			attributes = {
				LastUpgradeCheck = 0450;
				ORGANIZATIONNAME = Marty;
			};
			buildConfigurationList = 402E0FA5164B83C2004D3D9C /* Build configuration list for PBXProject "ios-queryable" */;
			compatibilityVersion = "Xcode 3.2";
			developmentRegion = English;
			hasScannedForEncodings = 0;
			knownRegions = (
				en,
			);
			mainGroup = 402E0FA0164B83C2004D3D9C;
			productRefGroup = 402E0FAC164B83C2004D3D9C /* Products */;
			projectDirPath = "";
			projectRoot = "";
			targets = (
				402E0FAA164B83C2004D3D9C /* ios-queryable */,
				402E0FBB164B83C2004D3D9C /* ios-queryableTests */,
			);
		};
/* End PBXProject section */

/* Begin PBXResourcesBuildPhase section */
		402E0FB9164B83C2004D3D9C /* Resources */ = {
			isa = PBXResourcesBuildPhase;
			buildActionMask = 2147483647;
			files = (
				402E0FCA164B83C2004D3D9C /* InfoPlist.strings in Resources */,
			);
			runOnlyForDeploymentPostprocessing = 0;
		};
/* End PBXResourcesBuildPhase section */

/* Begin PBXShellScriptBuildPhase section */
		402E0FBA164B83C2004D3D9C /* ShellScript */ = {
			isa = PBXShellScriptBuildPhase;
			buildActionMask = 2147483647;
			files = (
			);
			inputPaths = (
			);
			outputPaths = (
			);
			runOnlyForDeploymentPostprocessing = 0;
			shellPath = /bin/sh;
			shellScript = "# Run the unit tests in this test bundle.\n\"${SYSTEM_DEVELOPER_DIR}/Tools/RunUnitTests\"\n";
		};
/* End PBXShellScriptBuildPhase section */

/* Begin PBXSourcesBuildPhase section */
		402E0FA7164B83C2004D3D9C /* Sources */ = {
			isa = PBXSourcesBuildPhase;
			buildActionMask = 2147483647;
			files = (
				40710E20164CB75D00C0D1E9 /* NSManagedObjectContext+Queryable.m in Sources */,
			);
			runOnlyForDeploymentPostprocessing = 0;
		};
		402E0FB7164B83C2004D3D9C /* Sources */ = {
			isa = PBXSourcesBuildPhase;
			buildActionMask = 2147483647;
			files = (
				402E0FCD164B83C2004D3D9C /* BaseTest.m in Sources */,
				402E0FD8164B8492004D3D9C /* TestModel.xcdatamodeld in Sources */,
				40710E0A164CA9EF00C0D1E9 /* ofTypeTests.m in Sources */,
				40710E24164CD03300C0D1E9 /* orderByTests.m in Sources */,
				40710E2D164DF60300C0D1E9 /* skipTests.m in Sources */,
				40710E30164DF8E800C0D1E9 /* takeTests.m in Sources */,
				40710E33164E2A9C00C0D1E9 /* firstTests.m in Sources */,
				40710E39164E2DE300C0D1E9 /* QueryCompositionTests.m in Sources */,
				40710E3C165020E600C0D1E9 /* whereTests.m in Sources */,
				4045EDA8166AC5B600FCEBDB /* countTests.m in Sources */,
				4045EDAC166B138500FCEBDB /* anyTests.m in Sources */,
				4045EDAF166B18C400FCEBDB /* fastEnumerationTests.m in Sources */,
				4045EDB2166C273400FCEBDB /* singleTests.m in Sources */,
				4045EDBC16705FE500FCEBDB /* allTests.m in Sources */,
				40384E9D16803E290098575A /* User.m in Sources */,
				40384EA016803E290098575A /* Product.m in Sources */,
				62DD4DBE5314207A2F0A9DA3 /* averageTests.m in Sources */,
				62DD47732ECBB3E0B0DCB6AD /* sumTests.m in Sources */,
				62DD4D01A2BACE096CBA5E58 /* minMaxTests.m in Sources */,
			);
			runOnlyForDeploymentPostprocessing = 0;
		};
/* End PBXSourcesBuildPhase section */

/* Begin PBXTargetDependency section */
		402E0FC3164B83C2004D3D9C /* PBXTargetDependency */ = {
			isa = PBXTargetDependency;
			target = 402E0FAA164B83C2004D3D9C /* ios-queryable */;
			targetProxy = 402E0FC2164B83C2004D3D9C /* PBXContainerItemProxy */;
		};
/* End PBXTargetDependency section */

/* Begin PBXVariantGroup section */
		402E0FC8164B83C2004D3D9C /* InfoPlist.strings */ = {
			isa = PBXVariantGroup;
			children = (
				402E0FC9164B83C2004D3D9C /* en */,
			);
			name = InfoPlist.strings;
			sourceTree = "<group>";
		};
/* End PBXVariantGroup section */

/* Begin XCBuildConfiguration section */
		402E0FCE164B83C2004D3D9C /* Debug */ = {
			isa = XCBuildConfiguration;
			buildSettings = {
				ALWAYS_SEARCH_USER_PATHS = NO;
				CLANG_CXX_LANGUAGE_STANDARD = "gnu++0x";
				CLANG_CXX_LIBRARY = "libc++";
				CLANG_ENABLE_OBJC_ARC = YES;
				CLANG_WARN_EMPTY_BODY = YES;
				CLANG_WARN__DUPLICATE_METHOD_MATCH = YES;
				COPY_PHASE_STRIP = NO;
				GCC_C_LANGUAGE_STANDARD = gnu99;
				GCC_DYNAMIC_NO_PIC = NO;
				GCC_OPTIMIZATION_LEVEL = 0;
				GCC_PREPROCESSOR_DEFINITIONS = (
					"DEBUG=1",
					"$(inherited)",
				);
				GCC_SYMBOLS_PRIVATE_EXTERN = NO;
				GCC_WARN_ABOUT_RETURN_TYPE = YES;
				GCC_WARN_UNINITIALIZED_AUTOS = YES;
				GCC_WARN_UNUSED_VARIABLE = YES;
				IPHONEOS_DEPLOYMENT_TARGET = 6.0;
				ONLY_ACTIVE_ARCH = YES;
				SDKROOT = iphoneos;
			};
			name = Debug;
		};
		402E0FCF164B83C2004D3D9C /* Release */ = {
			isa = XCBuildConfiguration;
			buildSettings = {
				ALWAYS_SEARCH_USER_PATHS = NO;
				CLANG_CXX_LANGUAGE_STANDARD = "gnu++0x";
				CLANG_CXX_LIBRARY = "libc++";
				CLANG_ENABLE_OBJC_ARC = YES;
				CLANG_WARN_EMPTY_BODY = YES;
				CLANG_WARN__DUPLICATE_METHOD_MATCH = YES;
				COPY_PHASE_STRIP = YES;
				GCC_C_LANGUAGE_STANDARD = gnu99;
				GCC_WARN_ABOUT_RETURN_TYPE = YES;
				GCC_WARN_UNINITIALIZED_AUTOS = YES;
				GCC_WARN_UNUSED_VARIABLE = YES;
				IPHONEOS_DEPLOYMENT_TARGET = 6.0;
				SDKROOT = iphoneos;
				VALIDATE_PRODUCT = YES;
			};
			name = Release;
		};
		402E0FD1164B83C2004D3D9C /* Debug */ = {
			isa = XCBuildConfiguration;
			buildSettings = {
				DSTROOT = /tmp/ios_queryable.dst;
				GCC_PRECOMPILE_PREFIX_HEADER = YES;
				GCC_PREFIX_HEADER = "ios-queryable/ios-queryable-Prefix.pch";
				OTHER_LDFLAGS = "-ObjC";
				PRODUCT_NAME = "$(TARGET_NAME)";
				SKIP_INSTALL = YES;
			};
			name = Debug;
		};
		402E0FD2164B83C2004D3D9C /* Release */ = {
			isa = XCBuildConfiguration;
			buildSettings = {
				DSTROOT = /tmp/ios_queryable.dst;
				GCC_PRECOMPILE_PREFIX_HEADER = YES;
				GCC_PREFIX_HEADER = "ios-queryable/ios-queryable-Prefix.pch";
				OTHER_LDFLAGS = "-ObjC";
				PRODUCT_NAME = "$(TARGET_NAME)";
				SKIP_INSTALL = YES;
			};
			name = Release;
		};
		402E0FD4164B83C2004D3D9C /* Debug */ = {
			isa = XCBuildConfiguration;
			buildSettings = {
				FRAMEWORK_SEARCH_PATHS = (
					"\"$(SDKROOT)/Developer/Library/Frameworks\"",
					"\"$(DEVELOPER_LIBRARY_DIR)/Frameworks\"",
				);
				GCC_PRECOMPILE_PREFIX_HEADER = YES;
				GCC_PREFIX_HEADER = "ios-queryable/ios-queryable-Prefix.pch";
				INFOPLIST_FILE = "ios-queryableTests/ios-queryableTests-Info.plist";
				OTHER_LDFLAGS = (
					"-ObjC",
					"-all_load",
				);
				PRODUCT_NAME = "$(TARGET_NAME)";
				WRAPPER_EXTENSION = octest;
			};
			name = Debug;
		};
		402E0FD5164B83C2004D3D9C /* Release */ = {
			isa = XCBuildConfiguration;
			buildSettings = {
				FRAMEWORK_SEARCH_PATHS = (
					"\"$(SDKROOT)/Developer/Library/Frameworks\"",
					"\"$(DEVELOPER_LIBRARY_DIR)/Frameworks\"",
				);
				GCC_PRECOMPILE_PREFIX_HEADER = YES;
				GCC_PREFIX_HEADER = "ios-queryable/ios-queryable-Prefix.pch";
				INFOPLIST_FILE = "ios-queryableTests/ios-queryableTests-Info.plist";
				OTHER_LDFLAGS = (
					"-ObjC",
					"-all_load",
				);
				PRODUCT_NAME = "$(TARGET_NAME)";
				WRAPPER_EXTENSION = octest;
			};
			name = Release;
		};
/* End XCBuildConfiguration section */

/* Begin XCConfigurationList section */
		402E0FA5164B83C2004D3D9C /* Build configuration list for PBXProject "ios-queryable" */ = {
			isa = XCConfigurationList;
			buildConfigurations = (
				402E0FCE164B83C2004D3D9C /* Debug */,
				402E0FCF164B83C2004D3D9C /* Release */,
			);
			defaultConfigurationIsVisible = 0;
			defaultConfigurationName = Release;
		};
		402E0FD0164B83C2004D3D9C /* Build configuration list for PBXNativeTarget "ios-queryable" */ = {
			isa = XCConfigurationList;
			buildConfigurations = (
				402E0FD1164B83C2004D3D9C /* Debug */,
				402E0FD2164B83C2004D3D9C /* Release */,
			);
			defaultConfigurationIsVisible = 0;
			defaultConfigurationName = Release;
		};
		402E0FD3164B83C2004D3D9C /* Build configuration list for PBXNativeTarget "ios-queryableTests" */ = {
			isa = XCConfigurationList;
			buildConfigurations = (
				402E0FD4164B83C2004D3D9C /* Debug */,
				402E0FD5164B83C2004D3D9C /* Release */,
			);
			defaultConfigurationIsVisible = 0;
			defaultConfigurationName = Release;
		};
/* End XCConfigurationList section */

/* Begin XCVersionGroup section */
		402E0FD6164B8492004D3D9C /* TestModel.xcdatamodeld */ = {
			isa = XCVersionGroup;
			children = (
				402E0FD7164B8492004D3D9C /* TestModel.xcdatamodel */,
			);
			currentVersion = 402E0FD7164B8492004D3D9C /* TestModel.xcdatamodel */;
			path = TestModel.xcdatamodeld;
			sourceTree = "<group>";
			versionGroupType = wrapper.xcdatamodel;
		};
/* End XCVersionGroup section */
	};
	rootObject = 402E0FA2164B83C2004D3D9C /* Project object */;
}
