<?xml version="1.0" encoding="UTF-8"?>
<Scheme
   version = "1.3">
   <BuildAction>
      <BuildActionEntries>
         <BuildActionEntry
            buildForRunning = "YES"
            buildForTesting = "YES">
            <BuildableReference
               BuildableIdentifier = "primary"
               BlueprintIdentifier = "402E0FBB164B83C2004D3D9C"
               BuildableName = "ios-queryableTests.octest"
               BlueprintName = "ios-queryableTests"
               ReferencedContainer = "container:ios-queryable.xcodeproj">
            </BuildableReference>
         </BuildActionEntry>
      </BuildActionEntries>
   </BuildAction>
   <TestAction
      buildConfiguration = "Debug">
      <Testables>
         <TestableReference>
            <BuildableReference
               BuildableIdentifier = "primary"
               BlueprintIdentifier = "402E0FBB164B83C2004D3D9C"
               BuildableName = "ios-queryableTests.octest"
               BlueprintName = "ios-queryableTests"
               ReferencedContainer = "container:ios-queryable.xcodeproj">
            </BuildableReference>
         </TestableReference>
      </Testables>
   </TestAction>
   <LaunchAction
      useCustomWorkingDirectory = "NO">
   </LaunchAction>
</Scheme>
